
Microsoft Visual Studio Solution File, Format Version 11.00
# Visual C++ Express 2010
Project("{8BC9CEB8-8B4A-11D0-8D11-00A0C91BC942}") = "Digimon", "Digimon\Digimon.vcxproj", "{7BAF9EFD-8508-4965-8523-36675E4932EB}"
EndProject
Global
	GlobalSection(SolutionConfigurationPlatforms) = preSolution
		Debug|Win32 = Debug|Win32
		Release|Win32 = Release|Win32
	EndGlobalSection
	GlobalSection(ProjectConfigurationPlatforms) = postSolution
		{7BAF9EFD-8508-4965-8523-36675E4932EB}.Debug|Win32.ActiveCfg = Debug|Win32
		{7BAF9EFD-8508-4965-8523-36675E4932EB}.Debug|Win32.Build.0 = Debug|Win32
		{7BAF9EFD-8508-4965-8523-36675E4932EB}.Release|Win32.ActiveCfg = Release|Win32
		{7BAF9EFD-8508-4965-8523-36675E4932EB}.Release|Win32.Build.0 = Release|Win32
	EndGlobalSection
	GlobalSection(SolutionProperties) = preSolution
		HideSolutionNode = FALSE
	EndGlobalSection
EndGlobal
